{
  "name": "azureiotrocks",
  "version": "0.1.0",
  "lockfileVersion": 1,
  "requires": true,
  "dependencies": {
    "cytoscape": {
      "version": "3.18.1",
      "resolved": "https://registry.npmjs.org/cytoscape/-/cytoscape-3.18.1.tgz",
      "integrity": "sha512-XTGI9RPcufWOQ4itNm4lleILvnwBT2jY85eDxWVU6FsKk5Gahd6jl0QQcpzxsIbh86pd7XjEgXHdvi2Z4+g0hA==",
      "requires": {
        "heap": "^0.2.6",
        "lodash.debounce": "^4.0.8"
      }
    },
    "cytoscape-context-menus": {
      "version": "4.0.0",
      "resolved": "https://registry.npmjs.org/cytoscape-context-menus/-/cytoscape-context-menus-4.0.0.tgz",
      "integrity": "sha512-+WC0r7nExd1e3gwHe2Pk0tcDU8MU1HIfbHs6Z3cfamZY2M+tAvP20X5SoregMQ6IN3IQkg4KU59q1hJlvbwzcw=="
    },
    "cytoscape-undo-redo": {
      "version": "1.3.3",
      "resolved": "https://registry.npmjs.org/cytoscape-undo-redo/-/cytoscape-undo-redo-1.3.3.tgz",
      "integrity": "sha512-BjTXe0Oiytj4+UtYkkwYHG3BILi6MZD1MuZ+06kopgEtiyumcMEqX53zHMhY90kqJMPwLfpcrlmKmJtNAa2v2Q=="
    },
    "heap": {
      "version": "0.2.6",
      "resolved": "https://registry.npmjs.org/heap/-/heap-0.2.6.tgz",
      "integrity": "sha1-CH4fELBGky/IWU3Z5tN4r8nR5aw="
    },
    "jquery": {
      "version": "3.6.0",
      "resolved": "https://registry.npmjs.org/jquery/-/jquery-3.6.0.tgz",
      "integrity": "sha512-JVzAR/AjBvVt2BmYhxRCSYysDsPcssdmTFnzyLEts9qNwmjmu4JTAMYubEfwVOSwpQ1I1sKKFcxhZCI2buerfw=="
    },
    "konva": {
      "version": "7.2.5",
      "resolved": "https://registry.npmjs.org/konva/-/konva-7.2.5.tgz",
      "integrity": "sha512-yk/li8rUF+09QNlOdkwbEId+QvfATMe/aMGVouWW1oFoUVTYWHsQuIAE6lWy11DK8mLJEJijkNAXC5K+NVlMew=="
    },
    "lodash.debounce": {
      "version": "4.0.8",
      "resolved": "https://registry.npmjs.org/lodash.debounce/-/lodash.debounce-4.0.8.tgz",
      "integrity": "sha1-gteb/zCmfEAF/9XiUVMArZyk168="
    }
  }
}
